dependencies:
- name: policy-reporter
  repository: https://kyverno.github.io/policy-reporter
  version: 3.7.1
- name: gluon
  repository: oci://registry1.dso.mil/bigbang
  version: 0.9.8
- name: bb-common
  repository: oci://registry1.dso.mil/bigbang
  version: 0.14.0
digest: sha256:32028e22813dbe4b5a661c9123631d9e26a1a98092494f846d13c73174a87dc8
generated: "2026-02-12T07:27:56.099865677Z"
