dependencies:
- name: policy-reporter
  repository: https://kyverno.github.io/policy-reporter
  version: 3.7.3
- name: gluon
  repository: oci://registry1.dso.mil/bigbang
  version: 0.9.8
- name: bb-common
  repository: oci://registry1.dso.mil/bigbang
  version: 0.14.1
digest: sha256:58da3603c7e62fbe2907534ea8f634e1f1d562f2ebbd95f0fdc428fc8ee403ea
generated: "2026-03-05T19:03:25.238161936Z"
